# THIS IS AN AUTOGENERATED FILE. DO NOT EDIT THIS FILE DIRECTLY.
# yarn lockfile v1


ansi-regex@^1.0.0:
  version "1.1.1"
  resolved "https://registry.yarnpkg.com/ansi-regex/-/ansi-regex-1.1.1.tgz#41c847194646375e6a1a5d10c3ca054ef9fc980d"

deep-extend@^0.4.1:
  version "0.4.2"
  resolved "https://registry.yarnpkg.com/deep-extend/-/deep-extend-0.4.2.tgz#48b699c27e334bf89f10892be432f6e4c7d34a7f"

minimist@0.0.8:
  version "0.0.8"
  resolved "https://registry.yarnpkg.com/minimist/-/minimist-0.0.8.tgz#857fcabfc3397d2625b8228262e86aa7a011b05d"

mkdirp@^0.5.1:
  version "0.5.1"
  resolved "https://registry.yarnpkg.com/mkdirp/-/mkdirp-0.5.1.tgz#30057438eac6cf7f8c4767f38648d6697d75c903"
  dependencies:
    minimist "0.0.8"

strip-ansi@^2.0.1:
  version "2.0.1"
  resolved "https://registry.yarnpkg.com/strip-ansi/-/strip-ansi-2.0.1.tgz#df62c1aa94ed2f114e1d0f21fd1d50482b79a60e"
  dependencies:
    ansi-regex "^1.0.0"

webpack-bundle-tracker@^0.3.0:
  version "0.3.0"
  resolved "https://registry.yarnpkg.com/webpack-bundle-tracker/-/webpack-bundle-tracker-0.3.0.tgz#c900e9ecb54b639bec1b3bb8c0e9cd9400984c0c"
  dependencies:
    deep-extend "^0.4.1"
    mkdirp "^0.5.1"
    strip-ansi "^2.0.1"
